
Microsoft Visual Studio Solution File, Format Version 12.00
# Visual Studio Version 16
VisualStudioVersion = 16.0.31702.278
MinimumVisualStudioVersion = 10.0.40219.1
Project("{FAE04EC0-301F-11D3-BF4B-00C04F79EFBC}") = "LearnCarbon.ViewModel", "LearnCarbon.ViewModel\LearnCarbon.ViewModel.csproj", "{F43C439A-7D02-46B4-A8FB-76C89F4D575C}"
EndProject
Project("{FAE04EC0-301F-11D3-BF4B-00C04F79EFBC}") = "LearnCarbon.Helper", "LearnCarbon.Helper\LearnCarbon.Helper.csproj", "{4E0E50DE-C5D5-47DA-A4B3-FAE99710C35F}"
EndProject
Project("{9A19103F-16F7-4668-BE54-9A1E7A4F7556}") = "LearnCarbon.Plugin", "LearnCarbon.Plugin\LearnCarbon.Plugin.csproj", "{3F78D712-4DB5-490E-91BD-4DCA32CC12D6}"
EndProject
Global
	GlobalSection(SolutionConfigurationPlatforms) = preSolution
		Debug|Any CPU = Debug|Any CPU
		Release|Any CPU = Release|Any CPU
	EndGlobalSection
	GlobalSection(ProjectConfigurationPlatforms) = postSolution
		{F43C439A-7D02-46B4-A8FB-76C89F4D575C}.Debug|Any CPU.ActiveCfg = Debug|Any CPU
		{F43C439A-7D02-46B4-A8FB-76C89F4D575C}.Debug|Any CPU.Build.0 = Debug|Any CPU
		{F43C439A-7D02-46B4-A8FB-76C89F4D575C}.Release|Any CPU.ActiveCfg = Release|Any CPU
		{F43C439A-7D02-46B4-A8FB-76C89F4D575C}.Release|Any CPU.Build.0 = Release|Any CPU
		{4E0E50DE-C5D5-47DA-A4B3-FAE99710C35F}.Debug|Any CPU.ActiveCfg = Debug|Any CPU
		{4E0E50DE-C5D5-47DA-A4B3-FAE99710C35F}.Debug|Any CPU.Build.0 = Debug|Any CPU
		{4E0E50DE-C5D5-47DA-A4B3-FAE99710C35F}.Release|Any CPU.ActiveCfg = Release|Any CPU
		{4E0E50DE-C5D5-47DA-A4B3-FAE99710C35F}.Release|Any CPU.Build.0 = Release|Any CPU
		{3F78D712-4DB5-490E-91BD-4DCA32CC12D6}.Debug|Any CPU.ActiveCfg = Debug|Any CPU
		{3F78D712-4DB5-490E-91BD-4DCA32CC12D6}.Debug|Any CPU.Build.0 = Debug|Any CPU
		{3F78D712-4DB5-490E-91BD-4DCA32CC12D6}.Release|Any CPU.ActiveCfg = Release|Any CPU
		{3F78D712-4DB5-490E-91BD-4DCA32CC12D6}.Release|Any CPU.Build.0 = Release|Any CPU
	EndGlobalSection
	GlobalSection(SolutionProperties) = preSolution
		HideSolutionNode = FALSE
	EndGlobalSection
	GlobalSection(ExtensibilityGlobals) = postSolution
		SolutionGuid = {0D1C4B9C-9280-4A5B-A83D-F009F926EBF1}
	EndGlobalSection
EndGlobal
